// !$*UTF8*$!
{
	archiveVersion = 1;
	classes = {
	};
	objectVersion = 46;
	objects = {

/* Begin PBXBuildFile section */
		84E8425F1A2EDF6B00A401A0 /* main.m in Sources */ = {isa = PBXBuildFile; fileRef = 84E8425E1A2EDF6B00A401A0 /* main.m */; };
		84E842621A2EDF6B00A401A0 /* AppDelegate.m in Sources */ = {isa = PBXBuildFile; fileRef = 84E842611A2EDF6B00A401A0 /* AppDelegate.m */; };
		84E842651A2EDF6B00A401A0 /* kuaiyaoyue.xcdatamodeld in Sources */ = {isa = PBXBuildFile; fileRef = 84E842631A2EDF6B00A401A0 /* kuaiyaoyue.xcdatamodeld */; };
		84E842681A2EDF6B00A401A0 /* ViewController.m in Sources */ = {isa = PBXBuildFile; fileRef = 84E842671A2EDF6B00A401A0 /* ViewController.m */; };
		84E8426B1A2EDF6B00A401A0 /* Main.storyboard in Resources */ = {isa = PBXBuildFile; fileRef = 84E842691A2EDF6B00A401A0 /* Main.storyboard */; };
		84E8426D1A2EDF6B00A401A0 /* Images.xcassets in Resources */ = {isa = PBXBuildFile; fileRef = 84E8426C1A2EDF6B00A401A0 /* Images.xcassets */; };
		84E842701A2EDF6C00A401A0 /* LaunchScreen.xib in Resources */ = {isa = PBXBuildFile; fileRef = 84E8426E1A2EDF6C00A401A0 /* LaunchScreen.xib */; };
		84E8427C1A2EDF6C00A401A0 /* kuaiyaoyueTests.m in Sources */ = {isa = PBXBuildFile; fileRef = 84E8427B1A2EDF6C00A401A0 /* kuaiyaoyueTests.m */; };
/* End PBXBuildFile section */

/* Begin PBXContainerItemProxy section */
		84E842761A2EDF6C00A401A0 /* PBXContainerItemProxy */ = {
			isa = PBXContainerItemProxy;
			containerPortal = 84E842511A2EDF6B00A401A0 /* Project object */;
			proxyType = 1;
			remoteGlobalIDString = 84E842581A2EDF6B00A401A0;
			remoteInfo = kuaiyaoyue;
		};
/* End PBXContainerItemProxy section */

/* Begin PBXFileReference section */
		84E842591A2EDF6B00A401A0 /* kuaiyaoyue.app */ = {isa = PBXFileReference; explicitFileType = wrapper.application; includeInIndex = 0; path = kuaiyaoyue.app; sourceTree = BUILT_PRODUCTS_DIR; };
		84E8425D1A2EDF6B00A401A0 /* Info.plist */ = {isa = PBXFileReference; lastKnownFileType = text.plist.xml; path = Info.plist; sourceTree = "<group>"; };
		84E8425E1A2EDF6B00A401A0 /* main.m */ = {isa = PBXFileReference; lastKnownFileType = sourcecode.c.objc; path = main.m; sourceTree = "<group>"; };
		84E842601A2EDF6B00A401A0 /* AppDelegate.h */ = {isa = PBXFileReference; lastKnownFileType = sourcecode.c.h; path = AppDelegate.h; sourceTree = "<group>"; };
		84E842611A2EDF6B00A401A0 /* AppDelegate.m */ = {isa = PBXFileReference; lastKnownFileType = sourcecode.c.objc; path = AppDelegate.m; sourceTree = "<group>"; };
		84E842641A2EDF6B00A401A0 /* kuaiyaoyue.xcdatamodel */ = {isa = PBXFileReference; lastKnownFileType = wrapper.xcdatamodel; path = kuaiyaoyue.xcdatamodel; sourceTree = "<group>"; };
		84E842661A2EDF6B00A401A0 /* ViewController.h */ = {isa = PBXFileReference; lastKnownFileType = sourcecode.c.h; path = ViewController.h; sourceTree = "<group>"; };
		84E842671A2EDF6B00A401A0 /* ViewController.m */ = {isa = PBXFileReference; lastKnownFileType = sourcecode.c.objc; path = ViewController.m; sourceTree = "<group>"; };
		84E8426A1A2EDF6B00A401A0 /* Base */ = {isa = PBXFileReference; lastKnownFileType = file.storyboard; name = Base; path = Base.lproj/Main.storyboard; sourceTree = "<group>"; };
		84E8426C1A2EDF6B00A401A0 /* Images.xcassets */ = {isa = PBXFileReference; lastKnownFileType = folder.assetcatalog; path = Images.xcassets; sourceTree = "<group>"; };
		84E8426F1A2EDF6C00A401A0 /* Base */ = {isa = PBXFileReference; lastKnownFileType = file.xib; name = Base; path = Base.lproj/LaunchScreen.xib; sourceTree = "<group>"; };
		84E842751A2EDF6C00A401A0 /* kuaiyaoyueTests.xctest */ = {isa = PBXFileReference; explicitFileType = wrapper.cfbundle; includeInIndex = 0; path = kuaiyaoyueTests.xctest; sourceTree = BUILT_PRODUCTS_DIR; };
		84E8427A1A2EDF6C00A401A0 /* Info.plist */ = {isa = PBXFileReference; lastKnownFileType = text.plist.xml; path = Info.plist; sourceTree = "<group>"; };
		84E8427B1A2EDF6C00A401A0 /* kuaiyaoyueTests.m */ = {isa = PBXFileReference; lastKnownFileType = sourcecode.c.objc; path = kuaiyaoyueTests.m; sourceTree = "<group>"; };
/* End PBXFileReference section */

/* Begin PBXFrameworksBuildPhase section */
		84E842561A2EDF6B00A401A0 /* Frameworks */ = {
			isa = PBXFrameworksBuildPhase;
			buildActionMask = 2147483647;
			files = (
			);
			runOnlyForDeploymentPostprocessing = 0;
		};
		84E842721A2EDF6C00A401A0 /* Frameworks */ = {
			isa = PBXFrameworksBuildPhase;
			buildActionMask = 2147483647;
			files = (
			);
			runOnlyForDeploymentPostprocessing = 0;
		};
/* End PBXFrameworksBuildPhase section */

/* Begin PBXGroup section */
		84E842501A2EDF6B00A401A0 = {
			isa = PBXGroup;
			children = (
				84E8425B1A2EDF6B00A401A0 /* kuaiyaoyue */,
				84E842781A2EDF6C00A401A0 /* kuaiyaoyueTests */,
				84E8425A1A2EDF6B00A401A0 /* Products */,
			);
			sourceTree = "<group>";
		};
		84E8425A1A2EDF6B00A401A0 /* Products */ = {
			isa = PBXGroup;
			children = (
				84E842591A2EDF6B00A401A0 /* kuaiyaoyue.app */,
				84E842751A2EDF6C00A401A0 /* kuaiyaoyueTests.xctest */,
			);
			name = Products;
			sourceTree = "<group>";
		};
		84E8425B1A2EDF6B00A401A0 /* kuaiyaoyue */ = {
			isa = PBXGroup;
			children = (
				84E842601A2EDF6B00A401A0 /* AppDelegate.h */,
				84E842611A2EDF6B00A401A0 /* AppDelegate.m */,
				84E842661A2EDF6B00A401A0 /* ViewController.h */,
				84E842671A2EDF6B00A401A0 /* ViewController.m */,
				84E842691A2EDF6B00A401A0 /* Main.storyboard */,
				84E8426C1A2EDF6B00A401A0 /* Images.xcassets */,
				84E8426E1A2EDF6C00A401A0 /* LaunchScreen.xib */,
				84E842631A2EDF6B00A401A0 /* kuaiyaoyue.xcdatamodeld */,
				84E8425C1A2EDF6B00A401A0 /* Supporting Files */,
			);
			path = kuaiyaoyue;
			sourceTree = "<group>";
		};
		84E8425C1A2EDF6B00A401A0 /* Supporting Files */ = {
			isa = PBXGroup;
			children = (
				84E8425D1A2EDF6B00A401A0 /* Info.plist */,
				84E8425E1A2EDF6B00A401A0 /* main.m */,
			);
			name = "Supporting Files";
			sourceTree = "<group>";
		};
		84E842781A2EDF6C00A401A0 /* kuaiyaoyueTests */ = {
			isa = PBXGroup;
			children = (
				84E8427B1A2EDF6C00A401A0 /* kuaiyaoyueTests.m */,
				84E842791A2EDF6C00A401A0 /* Supporting Files */,
			);
			path = kuaiyaoyueTests;
			sourceTree = "<group>";
		};
		84E842791A2EDF6C00A401A0 /* Supporting Files */ = {
			isa = PBXGroup;
			children = (
				84E8427A1A2EDF6C00A401A0 /* Info.plist */,
			);
			name = "Supporting Files";
			sourceTree = "<group>";
		};
/* End PBXGroup section */

/* Begin PBXNativeTarget section */
		84E842581A2EDF6B00A401A0 /* kuaiyaoyue */ = {
			isa = PBXNativeTarget;
			buildConfigurationList = 84E8427F1A2EDF6C00A401A0 /* Build configuration list for PBXNativeTarget "kuaiyaoyue" */;
			buildPhases = (
				84E842551A2EDF6B00A401A0 /* Sources */,
				84E842561A2EDF6B00A401A0 /* Frameworks */,
				84E842571A2EDF6B00A401A0 /* Resources */,
			);
			buildRules = (
			);
			dependencies = (
			);
			name = kuaiyaoyue;
			productName = kuaiyaoyue;
			productReference = 84E842591A2EDF6B00A401A0 /* kuaiyaoyue.app */;
			productType = "com.apple.product-type.application";
		};
		84E842741A2EDF6C00A401A0 /* kuaiyaoyueTests */ = {
			isa = PBXNativeTarget;
			buildConfigurationList = 84E842821A2EDF6C00A401A0 /* Build configuration list for PBXNativeTarget "kuaiyaoyueTests" */;
			buildPhases = (
				84E842711A2EDF6C00A401A0 /* Sources */,
				84E842721A2EDF6C00A401A0 /* Frameworks */,
				84E842731A2EDF6C00A401A0 /* Resources */,
			);
			buildRules = (
			);
			dependencies = (
				84E842771A2EDF6C00A401A0 /* PBXTargetDependency */,
			);
			name = kuaiyaoyueTests;
			productName = kuaiyaoyueTests;
			productReference = 84E842751A2EDF6C00A401A0 /* kuaiyaoyueTests.xctest */;
			productType = "com.apple.product-type.bundle.unit-test";
		};
/* End PBXNativeTarget section */

/* Begin PBXProject section */
		84E842511A2EDF6B00A401A0 /* Project object */ = {
			isa = PBXProject;
			attributes = {
				LastUpgradeCheck = 0610;
				ORGANIZATIONNAME = davidwang;
				TargetAttributes = {
					84E842581A2EDF6B00A401A0 = {
						CreatedOnToolsVersion = 6.1;
					};
					84E842741A2EDF6C00A401A0 = {
						CreatedOnToolsVersion = 6.1;
						TestTargetID = 84E842581A2EDF6B00A401A0;
					};
				};
			};
			buildConfigurationList = 84E842541A2EDF6B00A401A0 /* Build configuration list for PBXProject "kuaiyaoyue" */;
			compatibilityVersion = "Xcode 3.2";
			developmentRegion = English;
			hasScannedForEncodings = 0;
			knownRegions = (
				en,
				Base,
			);
			mainGroup = 84E842501A2EDF6B00A401A0;
			productRefGroup = 84E8425A1A2EDF6B00A401A0 /* Products */;
			projectDirPath = "";
			projectRoot = "";
			targets = (
				84E842581A2EDF6B00A401A0 /* kuaiyaoyue */,
				84E842741A2EDF6C00A401A0 /* kuaiyaoyueTests */,
			);
		};
/* End PBXProject section */

/* Begin PBXResourcesBuildPhase section */
		84E842571A2EDF6B00A401A0 /* Resources */ = {
			isa = PBXResourcesBuildPhase;
			buildActionMask = 2147483647;
			files = (
				84E8426B1A2EDF6B00A401A0 /* Main.storyboard in Resources */,
				84E842701A2EDF6C00A401A0 /* LaunchScreen.xib in Resources */,
				84E8426D1A2EDF6B00A401A0 /* Images.xcassets in Resources */,
			);
			runOnlyForDeploymentPostprocessing = 0;
		};
		84E842731A2EDF6C00A401A0 /* Resources */ = {
			isa = PBXResourcesBuildPhase;
			buildActionMask = 2147483647;
			files = (
			);
			runOnlyForDeploymentPostprocessing = 0;
		};
/* End PBXResourcesBuildPhase section */

/* Begin PBXSourcesBuildPhase section */
		84E842551A2EDF6B00A401A0 /* Sources */ = {
			isa = PBXSourcesBuildPhase;
			buildActionMask = 2147483647;
			files = (
				84E842651A2EDF6B00A401A0 /* kuaiyaoyue.xcdatamodeld in Sources */,
				84E842621A2EDF6B00A401A0 /* AppDelegate.m in Sources */,
				84E842681A2EDF6B00A401A0 /* ViewController.m in Sources */,
				84E8425F1A2EDF6B00A401A0 /* main.m in Sources */,
			);
			runOnlyForDeploymentPostprocessing = 0;
		};
		84E842711A2EDF6C00A401A0 /* Sources */ = {
			isa = PBXSourcesBuildPhase;
			buildActionMask = 2147483647;
			files = (
				84E8427C1A2EDF6C00A401A0 /* kuaiyaoyueTests.m in Sources */,
			);
			runOnlyForDeploymentPostprocessing = 0;
		};
/* End PBXSourcesBuildPhase section */

/* Begin PBXTargetDependency section */
		84E842771A2EDF6C00A401A0 /* PBXTargetDependency */ = {
			isa = PBXTargetDependency;
			target = 84E842581A2EDF6B00A401A0 /* kuaiyaoyue */;
			targetProxy = 84E842761A2EDF6C00A401A0 /* PBXContainerItemProxy */;
		};
/* End PBXTargetDependency section */

/* Begin PBXVariantGroup section */
		84E842691A2EDF6B00A401A0 /* Main.storyboard */ = {
			isa = PBXVariantGroup;
			children = (
				84E8426A1A2EDF6B00A401A0 /* Base */,
			);
			name = Main.storyboard;
			sourceTree = "<group>";
		};
		84E8426E1A2EDF6C00A401A0 /* LaunchScreen.xib */ = {
			isa = PBXVariantGroup;
			children = (
				84E8426F1A2EDF6C00A401A0 /* Base */,
			);
			name = LaunchScreen.xib;
			sourceTree = "<group>";
		};
/* End PBXVariantGroup section */

/* Begin XCBuildConfiguration section */
		84E8427D1A2EDF6C00A401A0 /* Debug */ = {
			isa = XCBuildConfiguration;
			buildSettings = {
				ALWAYS_SEARCH_USER_PATHS = NO;
				CLANG_CXX_LANGUAGE_STANDARD = "gnu++0x";
				CLANG_CXX_LIBRARY = "libc++";
				CLANG_ENABLE_MODULES = YES;
				CLANG_ENABLE_OBJC_ARC = YES;
				CLANG_WARN_BOOL_CONVERSION = YES;
				CLANG_WARN_CONSTANT_CONVERSION = YES;
				CLANG_WARN_DIRECT_OBJC_ISA_USAGE = YES_ERROR;
				CLANG_WARN_EMPTY_BODY = YES;
				CLANG_WARN_ENUM_CONVERSION = YES;
				CLANG_WARN_INT_CONVERSION = YES;
				CLANG_WARN_OBJC_ROOT_CLASS = YES_ERROR;
				CLANG_WARN_UNREACHABLE_CODE = YES;
				CLANG_WARN__DUPLICATE_METHOD_MATCH = YES;
				"CODE_SIGN_IDENTITY[sdk=iphoneos*]" = "iPhone Developer";
				COPY_PHASE_STRIP = NO;
				ENABLE_STRICT_OBJC_MSGSEND = YES;
				GCC_C_LANGUAGE_STANDARD = gnu99;
				GCC_DYNAMIC_NO_PIC = NO;
				GCC_OPTIMIZATION_LEVEL = 0;
				GCC_PREPROCESSOR_DEFINITIONS = (
					"DEBUG=1",
					"$(inherited)",
				);
				GCC_SYMBOLS_PRIVATE_EXTERN = NO;
				GCC_WARN_64_TO_32_BIT_CONVERSION = YES;
				GCC_WARN_ABOUT_RETURN_TYPE = YES_ERROR;
				GCC_WARN_UNDECLARED_SELECTOR = YES;
				GCC_WARN_UNINITIALIZED_AUTOS = YES_AGGRESSIVE;
				GCC_WARN_UNUSED_FUNCTION = YES;
				GCC_WARN_UNUSED_VARIABLE = YES;
				IPHONEOS_DEPLOYMENT_TARGET = 8.1;
				MTL_ENABLE_DEBUG_INFO = YES;
				ONLY_ACTIVE_ARCH = YES;
				SDKROOT = iphoneos;
			};
			name = Debug;
		};
		84E8427E1A2EDF6C00A401A0 /* Release */ = {
			isa = XCBuildConfiguration;
			buildSettings = {
				ALWAYS_SEARCH_USER_PATHS = NO;
				CLANG_CXX_LANGUAGE_STANDARD = "gnu++0x";
				CLANG_CXX_LIBRARY = "libc++";
				CLANG_ENABLE_MODULES = YES;
				CLANG_ENABLE_OBJC_ARC = YES;
				CLANG_WARN_BOOL_CONVERSION = YES;
				CLANG_WARN_CONSTANT_CONVERSION = YES;
				CLANG_WARN_DIRECT_OBJC_ISA_USAGE = YES_ERROR;
				CLANG_WARN_EMPTY_BODY = YES;
				CLANG_WARN_ENUM_CONVERSION = YES;
				CLANG_WARN_INT_CONVERSION = YES;
				CLANG_WARN_OBJC_ROOT_CLASS = YES_ERROR;
				CLANG_WARN_UNREACHABLE_CODE = YES;
				CLANG_WARN__DUPLICATE_METHOD_MATCH = YES;
				"CODE_SIGN_IDENTITY[sdk=iphoneos*]" = "iPhone Developer";
				COPY_PHASE_STRIP = YES;
				ENABLE_NS_ASSERTIONS = NO;
				ENABLE_STRICT_OBJC_MSGSEND = YES;
				GCC_C_LANGUAGE_STANDARD = gnu99;
				GCC_WARN_64_TO_32_BIT_CONVERSION = YES;
				GCC_WARN_ABOUT_RETURN_TYPE = YES_ERROR;
				GCC_WARN_UNDECLARED_SELECTOR = YES;
				GCC_WARN_UNINITIALIZED_AUTOS = YES_AGGRESSIVE;
				GCC_WARN_UNUSED_FUNCTION = YES;
				GCC_WARN_UNUSED_VARIABLE = YES;
				IPHONEOS_DEPLOYMENT_TARGET = 8.1;
				MTL_ENABLE_DEBUG_INFO = NO;
				SDKROOT = iphoneos;
				VALIDATE_PRODUCT = YES;
			};
			name = Release;
		};
		84E842801A2EDF6C00A401A0 /* Debug */ = {
			isa = XCBuildConfiguration;
			buildSettings = {
				ASSETCATALOG_COMPILER_APPICON_NAME = AppIcon;
				INFOPLIST_FILE = kuaiyaoyue/Info.plist;
				LD_RUNPATH_SEARCH_PATHS = "$(inherited) @executable_path/Frameworks";
				PRODUCT_NAME = "$(TARGET_NAME)";
			};
			name = Debug;
		};
		84E842811A2EDF6C00A401A0 /* Release */ = {
			isa = XCBuildConfiguration;
			buildSettings = {
				ASSETCATALOG_COMPILER_APPICON_NAME = AppIcon;
				INFOPLIST_FILE = kuaiyaoyue/Info.plist;
				LD_RUNPATH_SEARCH_PATHS = "$(inherited) @executable_path/Frameworks";
				PRODUCT_NAME = "$(TARGET_NAME)";
			};
			name = Release;
		};
		84E842831A2EDF6C00A401A0 /* Debug */ = {
			isa = XCBuildConfiguration;
			buildSettings = {
				BUNDLE_LOADER = "$(TEST_HOST)";
				FRAMEWORK_SEARCH_PATHS = (
					"$(SDKROOT)/Developer/Library/Frameworks",
					"$(inherited)",
				);
				GCC_PREPROCESSOR_DEFINITIONS = (
					"DEBUG=1",
					"$(inherited)",
				);
				INFOPLIST_FILE = kuaiyaoyueTests/Info.plist;
				LD_RUNPATH_SEARCH_PATHS = "$(inherited) @executable_path/Frameworks @loader_path/Frameworks";
				PRODUCT_NAME = "$(TARGET_NAME)";
				TEST_HOST = "$(BUILT_PRODUCTS_DIR)/kuaiyaoyue.app/kuaiyaoyue";
			};
			name = Debug;
		};
		84E842841A2EDF6C00A401A0 /* Release */ = {
			isa = XCBuildConfiguration;
			buildSettings = {
				BUNDLE_LOADER = "$(TEST_HOST)";
				FRAMEWORK_SEARCH_PATHS = (
					"$(SDKROOT)/Developer/Library/Frameworks",
					"$(inherited)",
				);
				INFOPLIST_FILE = kuaiyaoyueTests/Info.plist;
				LD_RUNPATH_SEARCH_PATHS = "$(inherited) @executable_path/Frameworks @loader_path/Frameworks";
				PRODUCT_NAME = "$(TARGET_NAME)";
				TEST_HOST = "$(BUILT_PRODUCTS_DIR)/kuaiyaoyue.app/kuaiyaoyue";
			};
			name = Release;
		};
/* End XCBuildConfiguration section */

/* Begin XCConfigurationList section */
		84E842541A2EDF6B00A401A0 /* Build configuration list for PBXProject "kuaiyaoyue" */ = {
			isa = XCConfigurationList;
			buildConfigurations = (
				84E8427D1A2EDF6C00A401A0 /* Debug */,
				84E8427E1A2EDF6C00A401A0 /* Release */,
			);
			defaultConfigurationIsVisible = 0;
			defaultConfigurationName = Release;
		};
		84E8427F1A2EDF6C00A401A0 /* Build configuration list for PBXNativeTarget "kuaiyaoyue" */ = {
			isa = XCConfigurationList;
			buildConfigurations = (
				84E842801A2EDF6C00A401A0 /* Debug */,
				84E842811A2EDF6C00A401A0 /* Release */,
			);
			defaultConfigurationIsVisible = 0;
		};
		84E842821A2EDF6C00A401A0 /* Build configuration list for PBXNativeTarget "kuaiyaoyueTests" */ = {
			isa = XCConfigurationList;
			buildConfigurations = (
				84E842831A2EDF6C00A401A0 /* Debug */,
				84E842841A2EDF6C00A401A0 /* Release */,
			);
			defaultConfigurationIsVisible = 0;
		};
/* End XCConfigurationList section */

/* Begin XCVersionGroup section */
		84E842631A2EDF6B00A401A0 /* kuaiyaoyue.xcdatamodeld */ = {
			isa = XCVersionGroup;
			children = (
				84E842641A2EDF6B00A401A0 /* kuaiyaoyue.xcdatamodel */,
			);
			currentVersion = 84E842641A2EDF6B00A401A0 /* kuaiyaoyue.xcdatamodel */;
			path = kuaiyaoyue.xcdatamodeld;
			sourceTree = "<group>";
			versionGroupType = wrapper.xcdatamodel;
		};
/* End XCVersionGroup section */
	};
	rootObject = 84E842511A2EDF6B00A401A0 /* Project object */;
}
